// !$*UTF8*$!
{
	archiveVersion = 1;
	classes = {
	};
	objectVersion = 48;
	objects = {

/* Begin PBXBuildFile section */
		2694A71A1FB99E160053AD19 /* AppDelegate.swift in Sources */ = {isa = PBXBuildFile; fileRef = 2694A7191FB99E160053AD19 /* AppDelegate.swift */; };
		2694A7211FB99E160053AD19 /* Main.storyboard in Resources */ = {isa = PBXBuildFile; fileRef = 2694A71F1FB99E160053AD19 /* Main.storyboard */; };
		2694A7231FB99E160053AD19 /* Assets.xcassets in Resources */ = {isa = PBXBuildFile; fileRef = 2694A7221FB99E160053AD19 /* Assets.xcassets */; };
		2694A7261FB99E160053AD19 /* LaunchScreen.storyboard in Resources */ = {isa = PBXBuildFile; fileRef = 2694A7241FB99E160053AD19 /* LaunchScreen.storyboard */; };
		2694A7301FB9A0BA0053AD19 /* HomeViewController.swift in Sources */ = {isa = PBXBuildFile; fileRef = 2694A72F1FB9A0BA0053AD19 /* HomeViewController.swift */; };
		26AC2A7B1FC837C300EC400D /* NearButton.swift in Sources */ = {isa = PBXBuildFile; fileRef = 26AC2A7A1FC837C300EC400D /* NearButton.swift */; };
		620DF6AF82809FEB5B0E437E /* Pods_NearSample.framework in Frameworks */ = {isa = PBXBuildFile; fileRef = DD97747CA16DD20EA30B2871 /* Pods_NearSample.framework */; };
		D778EBEF20A4B0A700B1BF45 /* Podfile in Resources */ = {isa = PBXBuildFile; fileRef = D778EBEE20A4B0A400B1BF45 /* Podfile */; };
/* End PBXBuildFile section */

/* Begin PBXFileReference section */
		2694A7161FB99E160053AD19 /* NearSample.app */ = {isa = PBXFileReference; explicitFileType = wrapper.application; includeInIndex = 0; path = NearSample.app; sourceTree = BUILT_PRODUCTS_DIR; };
		2694A7191FB99E160053AD19 /* AppDelegate.swift */ = {isa = PBXFileReference; lastKnownFileType = sourcecode.swift; path = AppDelegate.swift; sourceTree = "<group>"; };
		2694A7201FB99E160053AD19 /* Base */ = {isa = PBXFileReference; lastKnownFileType = file.storyboard; name = Base; path = Base.lproj/Main.storyboard; sourceTree = "<group>"; };
		2694A7221FB99E160053AD19 /* Assets.xcassets */ = {isa = PBXFileReference; lastKnownFileType = folder.assetcatalog; path = Assets.xcassets; sourceTree = "<group>"; };
		2694A7251FB99E160053AD19 /* Base */ = {isa = PBXFileReference; lastKnownFileType = file.storyboard; name = Base; path = Base.lproj/LaunchScreen.storyboard; sourceTree = "<group>"; };
		2694A7271FB99E160053AD19 /* Info.plist */ = {isa = PBXFileReference; lastKnownFileType = text.plist.xml; path = Info.plist; sourceTree = "<group>"; };
		2694A72F1FB9A0BA0053AD19 /* HomeViewController.swift */ = {isa = PBXFileReference; lastKnownFileType = sourcecode.swift; path = HomeViewController.swift; sourceTree = "<group>"; };
		26AC2A7A1FC837C300EC400D /* NearButton.swift */ = {isa = PBXFileReference; lastKnownFileType = sourcecode.swift; path = NearButton.swift; sourceTree = "<group>"; };
		306DC0247F84AF16C747ABFE /* Pods-NearSample.debug.xcconfig */ = {isa = PBXFileReference; includeInIndex = 1; lastKnownFileType = text.xcconfig; name = "Pods-NearSample.debug.xcconfig"; path = "Target Support Files/Pods-NearSample/Pods-NearSample.debug.xcconfig"; sourceTree = "<group>"; };
		D778EBEE20A4B0A400B1BF45 /* Podfile */ = {isa = PBXFileReference; fileEncoding = 4; lastKnownFileType = text; path = Podfile; sourceTree = "<group>"; xcLanguageSpecificationIdentifier = xcode.lang.ruby; };
		D7B71B7F21CBFA7500BAB9EC /* NearSample.entitlements */ = {isa = PBXFileReference; lastKnownFileType = text.plist.entitlements; path = NearSample.entitlements; sourceTree = "<group>"; };
		DD97747CA16DD20EA30B2871 /* Pods_NearSample.framework */ = {isa = PBXFileReference; explicitFileType = wrapper.framework; includeInIndex = 0; path = Pods_NearSample.framework; sourceTree = BUILT_PRODUCTS_DIR; };
		E8AF31AA5FA6DB13D42CCDEA /* Pods-NearSample.release.xcconfig */ = {isa = PBXFileReference; includeInIndex = 1; lastKnownFileType = text.xcconfig; name = "Pods-NearSample.release.xcconfig"; path = "Target Support Files/Pods-NearSample/Pods-NearSample.release.xcconfig"; sourceTree = "<group>"; };
/* End PBXFileReference section */

/* Begin PBXFrameworksBuildPhase section */
		2694A7131FB99E160053AD19 /* Frameworks */ = {
			isa = PBXFrameworksBuildPhase;
			buildActionMask = 2147483647;
			files = (
				620DF6AF82809FEB5B0E437E /* Pods_NearSample.framework in Frameworks */,
			);
			runOnlyForDeploymentPostprocessing = 0;
		};
/* End PBXFrameworksBuildPhase section */

/* Begin PBXGroup section */
		2694A70D1FB99E160053AD19 = {
			isa = PBXGroup;
			children = (
				D778EBEE20A4B0A400B1BF45 /* Podfile */,
				2694A7181FB99E160053AD19 /* NearSample */,
				2694A7171FB99E160053AD19 /* Products */,
				4897E06E4BED329B7BED287E /* Pods */,
				B59AE42B8DFF781E57009C18 /* Frameworks */,
			);
			sourceTree = "<group>";
		};
		2694A7171FB99E160053AD19 /* Products */ = {
			isa = PBXGroup;
			children = (
				2694A7161FB99E160053AD19 /* NearSample.app */,
			);
			name = Products;
			sourceTree = "<group>";
		};
		2694A7181FB99E160053AD19 /* NearSample */ = {
			isa = PBXGroup;
			children = (
				D7B71B7F21CBFA7500BAB9EC /* NearSample.entitlements */,
				26AC2A791FC8379200EC400D /* Views */,
				2694A7191FB99E160053AD19 /* AppDelegate.swift */,
				2694A72F1FB9A0BA0053AD19 /* HomeViewController.swift */,
				2694A71F1FB99E160053AD19 /* Main.storyboard */,
				2694A7221FB99E160053AD19 /* Assets.xcassets */,
				2694A7241FB99E160053AD19 /* LaunchScreen.storyboard */,
				2694A7271FB99E160053AD19 /* Info.plist */,
			);
			path = NearSample;
			sourceTree = "<group>";
		};
		26AC2A791FC8379200EC400D /* Views */ = {
			isa = PBXGroup;
			children = (
				26AC2A7A1FC837C300EC400D /* NearButton.swift */,
			);
			path = Views;
			sourceTree = "<group>";
		};
		4897E06E4BED329B7BED287E /* Pods */ = {
			isa = PBXGroup;
			children = (
				306DC0247F84AF16C747ABFE /* Pods-NearSample.debug.xcconfig */,
				E8AF31AA5FA6DB13D42CCDEA /* Pods-NearSample.release.xcconfig */,
			);
			name = Pods;
			path = Pods;
			sourceTree = "<group>";
		};
		B59AE42B8DFF781E57009C18 /* Frameworks */ = {
			isa = PBXGroup;
			children = (
				DD97747CA16DD20EA30B2871 /* Pods_NearSample.framework */,
			);
			name = Frameworks;
			sourceTree = "<group>";
		};
/* End PBXGroup section */

/* Begin PBXNativeTarget section */
		2694A7151FB99E160053AD19 /* NearSample */ = {
			isa = PBXNativeTarget;
			buildConfigurationList = 2694A72A1FB99E160053AD19 /* Build configuration list for PBXNativeTarget "NearSample" */;
			buildPhases = (
				A788D59DFE5C4061C494762D /* [CP] Check Pods Manifest.lock */,
				2694A7121FB99E160053AD19 /* Sources */,
				2694A7131FB99E160053AD19 /* Frameworks */,
				2694A7141FB99E160053AD19 /* Resources */,
				114A6980CA62D72EF9EB3AA5 /* [CP] Embed Pods Frameworks */,
			);
			buildRules = (
			);
			dependencies = (
			);
			name = NearSample;
			productName = NearSample;
			productReference = 2694A7161FB99E160053AD19 /* NearSample.app */;
			productType = "com.apple.product-type.application";
		};
/* End PBXNativeTarget section */

/* Begin PBXProject section */
		2694A70E1FB99E160053AD19 /* Project object */ = {
			isa = PBXProject;
			attributes = {
				LastSwiftUpdateCheck = 0910;
				LastUpgradeCheck = 0910;
				ORGANIZATIONNAME = "Near Srl";
				TargetAttributes = {
					2694A7151FB99E160053AD19 = {
						CreatedOnToolsVersion = 9.1;
						ProvisioningStyle = Automatic;
						SystemCapabilities = {
							com.apple.BackgroundModes = {
								enabled = 1;
							};
							com.apple.Push = {
								enabled = 1;
							};
						};
					};
				};
			};
			buildConfigurationList = 2694A7111FB99E160053AD19 /* Build configuration list for PBXProject "NearSample" */;
			compatibilityVersion = "Xcode 8.0";
			developmentRegion = en;
			hasScannedForEncodings = 0;
			knownRegions = (
				en,
				Base,
			);
			mainGroup = 2694A70D1FB99E160053AD19;
			productRefGroup = 2694A7171FB99E160053AD19 /* Products */;
			projectDirPath = "";
			projectRoot = "";
			targets = (
				2694A7151FB99E160053AD19 /* NearSample */,
			);
		};
/* End PBXProject section */

/* Begin PBXResourcesBuildPhase section */
		2694A7141FB99E160053AD19 /* Resources */ = {
			isa = PBXResourcesBuildPhase;
			buildActionMask = 2147483647;
			files = (
				2694A7261FB99E160053AD19 /* LaunchScreen.storyboard in Resources */,
				2694A7231FB99E160053AD19 /* Assets.xcassets in Resources */,
				D778EBEF20A4B0A700B1BF45 /* Podfile in Resources */,
				2694A7211FB99E160053AD19 /* Main.storyboard in Resources */,
			);
			runOnlyForDeploymentPostprocessing = 0;
		};
/* End PBXResourcesBuildPhase section */

/* Begin PBXShellScriptBuildPhase section */
		114A6980CA62D72EF9EB3AA5 /* [CP] Embed Pods Frameworks */ = {
			isa = PBXShellScriptBuildPhase;
			buildActionMask = 2147483647;
			files = (
			);
			inputFileListPaths = (
			);
			inputPaths = (
				"${PODS_ROOT}/Target Support Files/Pods-NearSample/Pods-NearSample-frameworks.sh",
				"${PODS_ROOT}/NearITSDK/NearITSDK.framework",
				"${BUILT_PRODUCTS_DIR}/NearITSDKSwift/NearITSDKSwift.framework",
				"${BUILT_PRODUCTS_DIR}/NearUIBinding/NearUIBinding.framework",
			);
			name = "[CP] Embed Pods Frameworks";
			outputFileListPaths = (
			);
			outputPaths = (
				"${TARGET_BUILD_DIR}/${FRAMEWORKS_FOLDER_PATH}/NearITSDK.framework",
				"${TARGET_BUILD_DIR}/${FRAMEWORKS_FOLDER_PATH}/NearITSDKSwift.framework",
				"${TARGET_BUILD_DIR}/${FRAMEWORKS_FOLDER_PATH}/NearUIBinding.framework",
			);
			runOnlyForDeploymentPostprocessing = 0;
			shellPath = /bin/sh;
			shellScript = "\"${PODS_ROOT}/Target Support Files/Pods-NearSample/Pods-NearSample-frameworks.sh\"\n";
			showEnvVarsInLog = 0;
		};
		A788D59DFE5C4061C494762D /* [CP] Check Pods Manifest.lock */ = {
			isa = PBXShellScriptBuildPhase;
			buildActionMask = 2147483647;
			files = (
			);
			inputFileListPaths = (
			);
			inputPaths = (
				"${PODS_PODFILE_DIR_PATH}/Podfile.lock",
				"${PODS_ROOT}/Manifest.lock",
			);
			name = "[CP] Check Pods Manifest.lock";
			outputFileListPaths = (
			);
			outputPaths = (
				"$(DERIVED_FILE_DIR)/Pods-NearSample-checkManifestLockResult.txt",
			);
			runOnlyForDeploymentPostprocessing = 0;
			shellPath = /bin/sh;
			shellScript = "diff \"${PODS_PODFILE_DIR_PATH}/Podfile.lock\" \"${PODS_ROOT}/Manifest.lock\" > /dev/null\nif [ $? != 0 ] ; then\n    # print error to STDERR\n    echo \"error: The sandbox is not in sync with the Podfile.lock. Run 'pod install' or update your CocoaPods installation.\" >&2\n    exit 1\nfi\n# This output is used by Xcode 'outputs' to avoid re-running this script phase.\necho \"SUCCESS\" > \"${SCRIPT_OUTPUT_FILE_0}\"\n";
			showEnvVarsInLog = 0;
		};
/* End PBXShellScriptBuildPhase section */

/* Begin PBXSourcesBuildPhase section */
		2694A7121FB99E160053AD19 /* Sources */ = {
			isa = PBXSourcesBuildPhase;
			buildActionMask = 2147483647;
			files = (
				2694A71A1FB99E160053AD19 /* AppDelegate.swift in Sources */,
				26AC2A7B1FC837C300EC400D /* NearButton.swift in Sources */,
				2694A7301FB9A0BA0053AD19 /* HomeViewController.swift in Sources */,
			);
			runOnlyForDeploymentPostprocessing = 0;
		};
/* End PBXSourcesBuildPhase section */

/* Begin PBXVariantGroup section */
		2694A71F1FB99E160053AD19 /* Main.storyboard */ = {
			isa = PBXVariantGroup;
			children = (
				2694A7201FB99E160053AD19 /* Base */,
			);
			name = Main.storyboard;
			sourceTree = "<group>";
		};
		2694A7241FB99E160053AD19 /* LaunchScreen.storyboard */ = {
			isa = PBXVariantGroup;
			children = (
				2694A7251FB99E160053AD19 /* Base */,
			);
			name = LaunchScreen.storyboard;
			sourceTree = "<group>";
		};
/* End PBXVariantGroup section */

/* Begin XCBuildConfiguration section */
		2694A7281FB99E160053AD19 /* Debug */ = {
			isa = XCBuildConfiguration;
			buildSettings = {
				ALWAYS_SEARCH_USER_PATHS = NO;
				CLANG_ANALYZER_NONNULL = YES;
				CLANG_ANALYZER_NUMBER_OBJECT_CONVERSION = YES_AGGRESSIVE;
				CLANG_CXX_LANGUAGE_STANDARD = "gnu++14";
				CLANG_CXX_LIBRARY = "libc++";
				CLANG_ENABLE_MODULES = YES;
				CLANG_ENABLE_OBJC_ARC = YES;
				CLANG_WARN_BLOCK_CAPTURE_AUTORELEASING = YES;
				CLANG_WARN_BOOL_CONVERSION = YES;
				CLANG_WARN_COMMA = YES;
				CLANG_WARN_CONSTANT_CONVERSION = YES;
				CLANG_WARN_DIRECT_OBJC_ISA_USAGE = YES_ERROR;
				CLANG_WARN_DOCUMENTATION_COMMENTS = YES;
				CLANG_WARN_EMPTY_BODY = YES;
				CLANG_WARN_ENUM_CONVERSION = YES;
				CLANG_WARN_INFINITE_RECURSION = YES;
				CLANG_WARN_INT_CONVERSION = YES;
				CLANG_WARN_NON_LITERAL_NULL_CONVERSION = YES;
				CLANG_WARN_OBJC_LITERAL_CONVERSION = YES;
				CLANG_WARN_OBJC_ROOT_CLASS = YES_ERROR;
				CLANG_WARN_RANGE_LOOP_ANALYSIS = YES;
				CLANG_WARN_STRICT_PROTOTYPES = YES;
				CLANG_WARN_SUSPICIOUS_MOVE = YES;
				CLANG_WARN_UNGUARDED_AVAILABILITY = YES_AGGRESSIVE;
				CLANG_WARN_UNREACHABLE_CODE = YES;
				CLANG_WARN__DUPLICATE_METHOD_MATCH = YES;
				CODE_SIGN_IDENTITY = "iPhone Developer";
				COPY_PHASE_STRIP = NO;
				DEBUG_INFORMATION_FORMAT = dwarf;
				ENABLE_STRICT_OBJC_MSGSEND = YES;
				ENABLE_TESTABILITY = YES;
				GCC_C_LANGUAGE_STANDARD = gnu11;
				GCC_DYNAMIC_NO_PIC = NO;
				GCC_NO_COMMON_BLOCKS = YES;
				GCC_OPTIMIZATION_LEVEL = 0;
				GCC_PREPROCESSOR_DEFINITIONS = (
					"DEBUG=1",
					"$(inherited)",
				);
				GCC_WARN_64_TO_32_BIT_CONVERSION = YES;
				GCC_WARN_ABOUT_RETURN_TYPE = YES_ERROR;
				GCC_WARN_UNDECLARED_SELECTOR = YES;
				GCC_WARN_UNINITIALIZED_AUTOS = YES_AGGRESSIVE;
				GCC_WARN_UNUSED_FUNCTION = YES;
				GCC_WARN_UNUSED_VARIABLE = YES;
				IPHONEOS_DEPLOYMENT_TARGET = 11.1;
				MTL_ENABLE_DEBUG_INFO = YES;
				ONLY_ACTIVE_ARCH = YES;
				SDKROOT = iphoneos;
				SWIFT_ACTIVE_COMPILATION_CONDITIONS = DEBUG;
				SWIFT_OPTIMIZATION_LEVEL = "-Onone";
			};
			name = Debug;
		};
		2694A7291FB99E160053AD19 /* Release */ = {
			isa = XCBuildConfiguration;
			buildSettings = {
				ALWAYS_SEARCH_USER_PATHS = NO;
				CLANG_ANALYZER_NONNULL = YES;
				CLANG_ANALYZER_NUMBER_OBJECT_CONVERSION = YES_AGGRESSIVE;
				CLANG_CXX_LANGUAGE_STANDARD = "gnu++14";
				CLANG_CXX_LIBRARY = "libc++";
				CLANG_ENABLE_MODULES = YES;
				CLANG_ENABLE_OBJC_ARC = YES;
				CLANG_WARN_BLOCK_CAPTURE_AUTORELEASING = YES;
				CLANG_WARN_BOOL_CONVERSION = YES;
				CLANG_WARN_COMMA = YES;
				CLANG_WARN_CONSTANT_CONVERSION = YES;
				CLANG_WARN_DIRECT_OBJC_ISA_USAGE = YES_ERROR;
				CLANG_WARN_DOCUMENTATION_COMMENTS = YES;
				CLANG_WARN_EMPTY_BODY = YES;
				CLANG_WARN_ENUM_CONVERSION = YES;
				CLANG_WARN_INFINITE_RECURSION = YES;
				CLANG_WARN_INT_CONVERSION = YES;
				CLANG_WARN_NON_LITERAL_NULL_CONVERSION = YES;
				CLANG_WARN_OBJC_LITERAL_CONVERSION = YES;
				CLANG_WARN_OBJC_ROOT_CLASS = YES_ERROR;
				CLANG_WARN_RANGE_LOOP_ANALYSIS = YES;
				CLANG_WARN_STRICT_PROTOTYPES = YES;
				CLANG_WARN_SUSPICIOUS_MOVE = YES;
				CLANG_WARN_UNGUARDED_AVAILABILITY = YES_AGGRESSIVE;
				CLANG_WARN_UNREACHABLE_CODE = YES;
				CLANG_WARN__DUPLICATE_METHOD_MATCH = YES;
				CODE_SIGN_IDENTITY = "iPhone Developer";
				COPY_PHASE_STRIP = NO;
				DEBUG_INFORMATION_FORMAT = "dwarf-with-dsym";
				ENABLE_NS_ASSERTIONS = NO;
				ENABLE_STRICT_OBJC_MSGSEND = YES;
				GCC_C_LANGUAGE_STANDARD = gnu11;
				GCC_NO_COMMON_BLOCKS = YES;
				GCC_WARN_64_TO_32_BIT_CONVERSION = YES;
				GCC_WARN_ABOUT_RETURN_TYPE = YES_ERROR;
				GCC_WARN_UNDECLARED_SELECTOR = YES;
				GCC_WARN_UNINITIALIZED_AUTOS = YES_AGGRESSIVE;
				GCC_WARN_UNUSED_FUNCTION = YES;
				GCC_WARN_UNUSED_VARIABLE = YES;
				IPHONEOS_DEPLOYMENT_TARGET = 11.1;
				MTL_ENABLE_DEBUG_INFO = NO;
				SDKROOT = iphoneos;
				SWIFT_OPTIMIZATION_LEVEL = "-Owholemodule";
				VALIDATE_PRODUCT = YES;
			};
			name = Release;
		};
		2694A72B1FB99E160053AD19 /* Debug */ = {
			isa = XCBuildConfiguration;
			baseConfigurationReference = 306DC0247F84AF16C747ABFE /* Pods-NearSample.debug.xcconfig */;
			buildSettings = {
				ASSETCATALOG_COMPILER_APPICON_NAME = AppIcon;
				CODE_SIGN_ENTITLEMENTS = NearSample/NearSample.entitlements;
				CODE_SIGN_STYLE = Automatic;
				DEVELOPMENT_TEAM = C8YW5Q8LEU;
				INFOPLIST_FILE = NearSample/Info.plist;
				IPHONEOS_DEPLOYMENT_TARGET = 10.3;
				LD_RUNPATH_SEARCH_PATHS = "$(inherited) @executable_path/Frameworks";
				PRODUCT_BUNDLE_IDENTIFIER = com.nearit.NearSample;
				PRODUCT_NAME = "$(TARGET_NAME)";
				SWIFT_VERSION = 4.2;
				TARGETED_DEVICE_FAMILY = "1,2";
			};
			name = Debug;
		};
		2694A72C1FB99E160053AD19 /* Release */ = {
			isa = XCBuildConfiguration;
			baseConfigurationReference = E8AF31AA5FA6DB13D42CCDEA /* Pods-NearSample.release.xcconfig */;
			buildSettings = {
				ASSETCATALOG_COMPILER_APPICON_NAME = AppIcon;
				CODE_SIGN_ENTITLEMENTS = NearSample/NearSample.entitlements;
				CODE_SIGN_STYLE = Automatic;
				DEVELOPMENT_TEAM = C8YW5Q8LEU;
				INFOPLIST_FILE = NearSample/Info.plist;
				IPHONEOS_DEPLOYMENT_TARGET = 10.3;
				LD_RUNPATH_SEARCH_PATHS = "$(inherited) @executable_path/Frameworks";
				PRODUCT_BUNDLE_IDENTIFIER = com.nearit.NearSample;
				PRODUCT_NAME = "$(TARGET_NAME)";
				SWIFT_VERSION = 4.2;
				TARGETED_DEVICE_FAMILY = "1,2";
			};
			name = Release;
		};
/* End XCBuildConfiguration section */

/* Begin XCConfigurationList section */
		2694A7111FB99E160053AD19 /* Build configuration list for PBXProject "NearSample" */ = {
			isa = XCConfigurationList;
			buildConfigurations = (
				2694A7281FB99E160053AD19 /* Debug */,
				2694A7291FB99E160053AD19 /* Release */,
			);
			defaultConfigurationIsVisible = 0;
			defaultConfigurationName = Release;
		};
		2694A72A1FB99E160053AD19 /* Build configuration list for PBXNativeTarget "NearSample" */ = {
			isa = XCConfigurationList;
			buildConfigurations = (
				2694A72B1FB99E160053AD19 /* Debug */,
				2694A72C1FB99E160053AD19 /* Release */,
			);
			defaultConfigurationIsVisible = 0;
			defaultConfigurationName = Release;
		};
/* End XCConfigurationList section */
	};
	rootObject = 2694A70E1FB99E160053AD19 /* Project object */;
}
