PODS:
  - Hex (6.0.0)
  - NearITSDK (2.9.5)
  - NearITSDKSwift (2.9.5):
    - NearITSDK (= 2.9.5)
  - NearUIBinding (1.1.10):
    - NearITSDK (~> 2.9.2)

DEPENDENCIES:
  - Hex
  - NearITSDKSwift (~> 2.9.5)
  - NearUIBinding

SPEC REPOS:
  https://github.com/cocoapods/specs.git:
    - Hex
    - NearITSDK
    - NearITSDKSwift
    - NearUIBinding

SPEC CHECKSUMS:
  Hex: 3888e06c29fe725b12e33d434e31b06beb4112db
  NearITSDK: 8889e19881c0c3a93cf6db5bad41ed5c1fb70f8b
  NearITSDKSwift: 53dc6d83e33285c5ad2c99553c64d661be6b987e
  NearUIBinding: 536fd147a796a7a2d1494047ace1907ee14856c8

PODFILE CHECKSUM: af076980ff3c5d2573d86f820e421ed75e3cdadd

COCOAPODS: 1.5.3
