PODS:
  - Hex (6.0.0)
  - NearITSDK (2.10.4)
  - NearITSDKSwift (2.10.4):
    - NearITSDK (= 2.10.4)
  - NearUIBinding (2.10.6):
    - NearITSDK (~> 2.10.3)

DEPENDENCIES:
  - Hex
  - NearITSDKSwift
  - NearUIBinding

SPEC REPOS:
  https://github.com/cocoapods/specs.git:
    - Hex
    - NearITSDK
    - NearITSDKSwift
    - NearUIBinding

SPEC CHECKSUMS:
  Hex: 3888e06c29fe725b12e33d434e31b06beb4112db
  NearITSDK: f0f2329c0d5104c9691f6b4f53e0e956913b9c9e
  NearITSDKSwift: 80891431f24a26d92a4c139cd7abb26708dad775
  NearUIBinding: 50d5c9dc008b72c6f973474bbfae1dc5b0ffdc8e

PODFILE CHECKSUM: a482ea61a9d4f309134e51edca5a3abed3dead30

COCOAPODS: 1.5.3
